// !$*UTF8*$!
{
	archiveVersion = 1;
	classes = {
	};
	objectVersion = 46;
	objects = {

/* Begin PBXBuildFile section */
		3ECC141F5B90C74ABC415BF7 /* Pods_QuickReportUITests.framework in Frameworks */ = {isa = PBXBuildFile; fileRef = 7D4D21CD2141DC698296DEA1 /* Pods_QuickReportUITests.framework */; };
		4F25048E0CDD4EAEE14535C7 /* Pods_QuickReport.framework in Frameworks */ = {isa = PBXBuildFile; fileRef = BD7E227E8F76C675BAA5F6CC /* Pods_QuickReport.framework */; };
		58DAFBC4B95277E4CCCDEA64 /* Pods_QuickReportTests.framework in Frameworks */ = {isa = PBXBuildFile; fileRef = 5A08417725C834ACEA94DBEA /* Pods_QuickReportTests.framework */; };
		9002C1B41E94A4F600DC480A /* SendMail.swift in Sources */ = {isa = PBXBuildFile; fileRef = 9002C1B31E94A4F600DC480A /* SendMail.swift */; };
		9002C1B81E94A76700DC480A /* HomeController.swift in Sources */ = {isa = PBXBuildFile; fileRef = 9002C1B71E94A76700DC480A /* HomeController.swift */; };
		9002C1BB1E94A7E700DC480A /* HomeView.swift in Sources */ = {isa = PBXBuildFile; fileRef = 9002C1BA1E94A7E700DC480A /* HomeView.swift */; };
		9002C1BF1E94A85500DC480A /* SendReportController.swift in Sources */ = {isa = PBXBuildFile; fileRef = 9002C1BE1E94A85500DC480A /* SendReportController.swift */; };
		9002C1C11E94A86300DC480A /* SendReportView.swift in Sources */ = {isa = PBXBuildFile; fileRef = 9002C1C01E94A86300DC480A /* SendReportView.swift */; };
		9002C1C31E94A93300DC480A /* SendReportConfirmController.swift in Sources */ = {isa = PBXBuildFile; fileRef = 9002C1C21E94A93300DC480A /* SendReportConfirmController.swift */; };
		9002C1C71E94A96A00DC480A /* SendReportConfirmView.swift in Sources */ = {isa = PBXBuildFile; fileRef = 9002C1C61E94A96A00DC480A /* SendReportConfirmView.swift */; };
		90C4FF181E986DAC00ECBCD9 /* SettingController.swift in Sources */ = {isa = PBXBuildFile; fileRef = 90C4FF171E986DAC00ECBCD9 /* SettingController.swift */; };
		90C4FF1E1E98DDAC00ECBCD9 /* SettingView.swift in Sources */ = {isa = PBXBuildFile; fileRef = 90C4FF1D1E98DDAC00ECBCD9 /* SettingView.swift */; };
		90C4FF211E98DE9900ECBCD9 /* FloatLabelTextField.swift in Sources */ = {isa = PBXBuildFile; fileRef = 90C4FF201E98DE9900ECBCD9 /* FloatLabelTextField.swift */; };
		90CE4A371E94928400830F9E /* AppDelegate.swift in Sources */ = {isa = PBXBuildFile; fileRef = 90CE4A361E94928400830F9E /* AppDelegate.swift */; };
		90CE4A391E94928400830F9E /* ViewController.swift in Sources */ = {isa = PBXBuildFile; fileRef = 90CE4A381E94928400830F9E /* ViewController.swift */; };
		90CE4A3C1E94928400830F9E /* Main.storyboard in Resources */ = {isa = PBXBuildFile; fileRef = 90CE4A3A1E94928400830F9E /* Main.storyboard */; };
		90CE4A3F1E94928400830F9E /* QuickReport.xcdatamodeld in Sources */ = {isa = PBXBuildFile; fileRef = 90CE4A3D1E94928400830F9E /* QuickReport.xcdatamodeld */; };
		90CE4A411E94928400830F9E /* Assets.xcassets in Resources */ = {isa = PBXBuildFile; fileRef = 90CE4A401E94928400830F9E /* Assets.xcassets */; };
		90CE4A441E94928400830F9E /* LaunchScreen.storyboard in Resources */ = {isa = PBXBuildFile; fileRef = 90CE4A421E94928400830F9E /* LaunchScreen.storyboard */; };
		90CE4A4F1E94928400830F9E /* QuickReportTests.swift in Sources */ = {isa = PBXBuildFile; fileRef = 90CE4A4E1E94928400830F9E /* QuickReportTests.swift */; };
		90CE4A5A1E94928400830F9E /* QuickReportUITests.swift in Sources */ = {isa = PBXBuildFile; fileRef = 90CE4A591E94928400830F9E /* QuickReportUITests.swift */; };
/* End PBXBuildFile section */

/* Begin PBXContainerItemProxy section */
		90CE4A4B1E94928400830F9E /* PBXContainerItemProxy */ = {
			isa = PBXContainerItemProxy;
			containerPortal = 90CE4A2B1E94928400830F9E /* Project object */;
			proxyType = 1;
			remoteGlobalIDString = 90CE4A321E94928400830F9E;
			remoteInfo = QuickReport;
		};
		90CE4A561E94928400830F9E /* PBXContainerItemProxy */ = {
			isa = PBXContainerItemProxy;
			containerPortal = 90CE4A2B1E94928400830F9E /* Project object */;
			proxyType = 1;
			remoteGlobalIDString = 90CE4A321E94928400830F9E;
			remoteInfo = QuickReport;
		};
/* End PBXContainerItemProxy section */

/* Begin PBXFileReference section */
		278164739E15F46A8A23D73E /* Pods-QuickReportTests.debug.xcconfig */ = {isa = PBXFileReference; includeInIndex = 1; lastKnownFileType = text.xcconfig; name = "Pods-QuickReportTests.debug.xcconfig"; path = "Pods/Target Support Files/Pods-QuickReportTests/Pods-QuickReportTests.debug.xcconfig"; sourceTree = "<group>"; };
		43315639399F67646726B089 /* Pods-QuickReport.release.xcconfig */ = {isa = PBXFileReference; includeInIndex = 1; lastKnownFileType = text.xcconfig; name = "Pods-QuickReport.release.xcconfig"; path = "Pods/Target Support Files/Pods-QuickReport/Pods-QuickReport.release.xcconfig"; sourceTree = "<group>"; };
		493E8E21E871F39F9AC956AE /* Pods-QuickReportTests.release.xcconfig */ = {isa = PBXFileReference; includeInIndex = 1; lastKnownFileType = text.xcconfig; name = "Pods-QuickReportTests.release.xcconfig"; path = "Pods/Target Support Files/Pods-QuickReportTests/Pods-QuickReportTests.release.xcconfig"; sourceTree = "<group>"; };
		5A08417725C834ACEA94DBEA /* Pods_QuickReportTests.framework */ = {isa = PBXFileReference; explicitFileType = wrapper.framework; includeInIndex = 0; path = Pods_QuickReportTests.framework; sourceTree = BUILT_PRODUCTS_DIR; };
		75006638627DCBBB9189B2B3 /* Pods-QuickReportUITests.release.xcconfig */ = {isa = PBXFileReference; includeInIndex = 1; lastKnownFileType = text.xcconfig; name = "Pods-QuickReportUITests.release.xcconfig"; path = "Pods/Target Support Files/Pods-QuickReportUITests/Pods-QuickReportUITests.release.xcconfig"; sourceTree = "<group>"; };
		7D4D21CD2141DC698296DEA1 /* Pods_QuickReportUITests.framework */ = {isa = PBXFileReference; explicitFileType = wrapper.framework; includeInIndex = 0; path = Pods_QuickReportUITests.framework; sourceTree = BUILT_PRODUCTS_DIR; };
		9002C1B31E94A4F600DC480A /* SendMail.swift */ = {isa = PBXFileReference; fileEncoding = 4; lastKnownFileType = sourcecode.swift; path = SendMail.swift; sourceTree = "<group>"; };
		9002C1B51E94A56100DC480A /* QuickReport-Bridging-Header.h */ = {isa = PBXFileReference; lastKnownFileType = sourcecode.c.h; path = "QuickReport-Bridging-Header.h"; sourceTree = "<group>"; };
		9002C1B71E94A76700DC480A /* HomeController.swift */ = {isa = PBXFileReference; fileEncoding = 4; lastKnownFileType = sourcecode.swift; path = HomeController.swift; sourceTree = "<group>"; };
		9002C1BA1E94A7E700DC480A /* HomeView.swift */ = {isa = PBXFileReference; fileEncoding = 4; lastKnownFileType = sourcecode.swift; path = HomeView.swift; sourceTree = "<group>"; };
		9002C1BE1E94A85500DC480A /* SendReportController.swift */ = {isa = PBXFileReference; fileEncoding = 4; lastKnownFileType = sourcecode.swift; path = SendReportController.swift; sourceTree = "<group>"; };
		9002C1C01E94A86300DC480A /* SendReportView.swift */ = {isa = PBXFileReference; fileEncoding = 4; lastKnownFileType = sourcecode.swift; path = SendReportView.swift; sourceTree = "<group>"; };
		9002C1C21E94A93300DC480A /* SendReportConfirmController.swift */ = {isa = PBXFileReference; fileEncoding = 4; lastKnownFileType = sourcecode.swift; path = SendReportConfirmController.swift; sourceTree = "<group>"; };
		9002C1C61E94A96A00DC480A /* SendReportConfirmView.swift */ = {isa = PBXFileReference; fileEncoding = 4; lastKnownFileType = sourcecode.swift; path = SendReportConfirmView.swift; sourceTree = "<group>"; };
		90C4FF171E986DAC00ECBCD9 /* SettingController.swift */ = {isa = PBXFileReference; fileEncoding = 4; lastKnownFileType = sourcecode.swift; path = SettingController.swift; sourceTree = "<group>"; };
		90C4FF1D1E98DDAC00ECBCD9 /* SettingView.swift */ = {isa = PBXFileReference; fileEncoding = 4; lastKnownFileType = sourcecode.swift; path = SettingView.swift; sourceTree = "<group>"; };
		90C4FF201E98DE9900ECBCD9 /* FloatLabelTextField.swift */ = {isa = PBXFileReference; fileEncoding = 4; lastKnownFileType = sourcecode.swift; path = FloatLabelTextField.swift; sourceTree = "<group>"; };
		90CE4A331E94928400830F9E /* QuickReport.app */ = {isa = PBXFileReference; explicitFileType = wrapper.application; includeInIndex = 0; path = QuickReport.app; sourceTree = BUILT_PRODUCTS_DIR; };
		90CE4A361E94928400830F9E /* AppDelegate.swift */ = {isa = PBXFileReference; lastKnownFileType = sourcecode.swift; path = AppDelegate.swift; sourceTree = "<group>"; };
		90CE4A381E94928400830F9E /* ViewController.swift */ = {isa = PBXFileReference; lastKnownFileType = sourcecode.swift; path = ViewController.swift; sourceTree = "<group>"; };
		90CE4A3B1E94928400830F9E /* Base */ = {isa = PBXFileReference; lastKnownFileType = file.storyboard; name = Base; path = Base.lproj/Main.storyboard; sourceTree = "<group>"; };
		90CE4A3E1E94928400830F9E /* QuickReport.xcdatamodel */ = {isa = PBXFileReference; lastKnownFileType = wrapper.xcdatamodel; path = QuickReport.xcdatamodel; sourceTree = "<group>"; };
		90CE4A401E94928400830F9E /* Assets.xcassets */ = {isa = PBXFileReference; lastKnownFileType = folder.assetcatalog; path = Assets.xcassets; sourceTree = "<group>"; };
		90CE4A431E94928400830F9E /* Base */ = {isa = PBXFileReference; lastKnownFileType = file.storyboard; name = Base; path = Base.lproj/LaunchScreen.storyboard; sourceTree = "<group>"; };
		90CE4A451E94928400830F9E /* Info.plist */ = {isa = PBXFileReference; lastKnownFileType = text.plist.xml; path = Info.plist; sourceTree = "<group>"; };
		90CE4A4A1E94928400830F9E /* QuickReportTests.xctest */ = {isa = PBXFileReference; explicitFileType = wrapper.cfbundle; includeInIndex = 0; path = QuickReportTests.xctest; sourceTree = BUILT_PRODUCTS_DIR; };
		90CE4A4E1E94928400830F9E /* QuickReportTests.swift */ = {isa = PBXFileReference; lastKnownFileType = sourcecode.swift; path = QuickReportTests.swift; sourceTree = "<group>"; };
		90CE4A501E94928400830F9E /* Info.plist */ = {isa = PBXFileReference; lastKnownFileType = text.plist.xml; path = Info.plist; sourceTree = "<group>"; };
		90CE4A551E94928400830F9E /* QuickReportUITests.xctest */ = {isa = PBXFileReference; explicitFileType = wrapper.cfbundle; includeInIndex = 0; path = QuickReportUITests.xctest; sourceTree = BUILT_PRODUCTS_DIR; };
		90CE4A591E94928400830F9E /* QuickReportUITests.swift */ = {isa = PBXFileReference; lastKnownFileType = sourcecode.swift; path = QuickReportUITests.swift; sourceTree = "<group>"; };
		90CE4A5B1E94928400830F9E /* Info.plist */ = {isa = PBXFileReference; lastKnownFileType = text.plist.xml; path = Info.plist; sourceTree = "<group>"; };
		97CB373EE35C3092D86ACCEE /* Pods-QuickReportUITests.debug.xcconfig */ = {isa = PBXFileReference; includeInIndex = 1; lastKnownFileType = text.xcconfig; name = "Pods-QuickReportUITests.debug.xcconfig"; path = "Pods/Target Support Files/Pods-QuickReportUITests/Pods-QuickReportUITests.debug.xcconfig"; sourceTree = "<group>"; };
		A89286EA2D5FEC94C94C38A1 /* Pods-QuickReport.debug.xcconfig */ = {isa = PBXFileReference; includeInIndex = 1; lastKnownFileType = text.xcconfig; name = "Pods-QuickReport.debug.xcconfig"; path = "Pods/Target Support Files/Pods-QuickReport/Pods-QuickReport.debug.xcconfig"; sourceTree = "<group>"; };
		BD7E227E8F76C675BAA5F6CC /* Pods_QuickReport.framework */ = {isa = PBXFileReference; explicitFileType = wrapper.framework; includeInIndex = 0; path = Pods_QuickReport.framework; sourceTree = BUILT_PRODUCTS_DIR; };
/* End PBXFileReference section */

/* Begin PBXFrameworksBuildPhase section */
		90CE4A301E94928400830F9E /* Frameworks */ = {
			isa = PBXFrameworksBuildPhase;
			buildActionMask = 2147483647;
			files = (
				4F25048E0CDD4EAEE14535C7 /* Pods_QuickReport.framework in Frameworks */,
			);
			runOnlyForDeploymentPostprocessing = 0;
		};
		90CE4A471E94928400830F9E /* Frameworks */ = {
			isa = PBXFrameworksBuildPhase;
			buildActionMask = 2147483647;
			files = (
				58DAFBC4B95277E4CCCDEA64 /* Pods_QuickReportTests.framework in Frameworks */,
			);
			runOnlyForDeploymentPostprocessing = 0;
		};
		90CE4A521E94928400830F9E /* Frameworks */ = {
			isa = PBXFrameworksBuildPhase;
			buildActionMask = 2147483647;
			files = (
				3ECC141F5B90C74ABC415BF7 /* Pods_QuickReportUITests.framework in Frameworks */,
			);
			runOnlyForDeploymentPostprocessing = 0;
		};
/* End PBXFrameworksBuildPhase section */

/* Begin PBXGroup section */
		9002C1AB1E94A3D700DC480A /* Controller */ = {
			isa = PBXGroup;
			children = (
				9002C1C81E94B71C00DC480A /* Setting */,
				9002C1BC1E94A83200DC480A /* SendReport */,
				9002C1B61E94A6F600DC480A /* Home */,
			);
			name = Controller;
			sourceTree = "<group>";
		};
		9002C1AC1E94A3E500DC480A /* View */ = {
			isa = PBXGroup;
			children = (
				90C4FF1C1E98DD9100ECBCD9 /* Setting */,
				9002C1BD1E94A83800DC480A /* SendReport */,
				9002C1B91E94A7AE00DC480A /* Home */,
			);
			name = View;
			sourceTree = "<group>";
		};
		9002C1AD1E94A3ED00DC480A /* Model */ = {
			isa = PBXGroup;
			children = (
			);
			name = Model;
			sourceTree = "<group>";
		};
		9002C1AE1E94A3F900DC480A /* Util */ = {
			isa = PBXGroup;
			children = (
				9002C1B31E94A4F600DC480A /* SendMail.swift */,
			);
			name = Util;
			sourceTree = "<group>";
		};
		9002C1B61E94A6F600DC480A /* Home */ = {
			isa = PBXGroup;
			children = (
				9002C1B71E94A76700DC480A /* HomeController.swift */,
			);
			name = Home;
			sourceTree = "<group>";
		};
		9002C1B91E94A7AE00DC480A /* Home */ = {
			isa = PBXGroup;
			children = (
				9002C1BA1E94A7E700DC480A /* HomeView.swift */,
			);
			name = Home;
			sourceTree = "<group>";
		};
		9002C1BC1E94A83200DC480A /* SendReport */ = {
			isa = PBXGroup;
			children = (
				9002C1BE1E94A85500DC480A /* SendReportController.swift */,
				9002C1C21E94A93300DC480A /* SendReportConfirmController.swift */,
			);
			name = SendReport;
			sourceTree = "<group>";
		};
		9002C1BD1E94A83800DC480A /* SendReport */ = {
			isa = PBXGroup;
			children = (
				9002C1C01E94A86300DC480A /* SendReportView.swift */,
				9002C1C61E94A96A00DC480A /* SendReportConfirmView.swift */,
			);
			name = SendReport;
			sourceTree = "<group>";
		};
		9002C1C81E94B71C00DC480A /* Setting */ = {
			isa = PBXGroup;
			children = (
				90C4FF171E986DAC00ECBCD9 /* SettingController.swift */,
			);
			name = Setting;
			sourceTree = "<group>";
		};
		90C4FF1C1E98DD9100ECBCD9 /* Setting */ = {
			isa = PBXGroup;
			children = (
				90C4FF1D1E98DDAC00ECBCD9 /* SettingView.swift */,
			);
			name = Setting;
			sourceTree = "<group>";
		};
		90C4FF1F1E98DE8300ECBCD9 /* Helpers */ = {
			isa = PBXGroup;
			children = (
				90C4FF201E98DE9900ECBCD9 /* FloatLabelTextField.swift */,
			);
			name = Helpers;
			sourceTree = "<group>";
		};
		90CE4A2A1E94928400830F9E = {
			isa = PBXGroup;
			children = (
				90CE4A351E94928400830F9E /* QuickReport */,
				90CE4A4D1E94928400830F9E /* QuickReportTests */,
				90CE4A581E94928400830F9E /* QuickReportUITests */,
				90CE4A341E94928400830F9E /* Products */,
				A438C4E3A21ABD2E5FC7D262 /* Pods */,
				CEEEAE50084F96F65DDBBC9A /* Frameworks */,
			);
			sourceTree = "<group>";
		};
		90CE4A341E94928400830F9E /* Products */ = {
			isa = PBXGroup;
			children = (
				90CE4A331E94928400830F9E /* QuickReport.app */,
				90CE4A4A1E94928400830F9E /* QuickReportTests.xctest */,
				90CE4A551E94928400830F9E /* QuickReportUITests.xctest */,
			);
			name = Products;
			sourceTree = "<group>";
		};
		90CE4A351E94928400830F9E /* QuickReport */ = {
			isa = PBXGroup;
			children = (
				90C4FF1F1E98DE8300ECBCD9 /* Helpers */,
				9002C1AE1E94A3F900DC480A /* Util */,
				9002C1AD1E94A3ED00DC480A /* Model */,
				9002C1AC1E94A3E500DC480A /* View */,
				9002C1AB1E94A3D700DC480A /* Controller */,
				90CE4A361E94928400830F9E /* AppDelegate.swift */,
				90CE4A381E94928400830F9E /* ViewController.swift */,
				90CE4A3A1E94928400830F9E /* Main.storyboard */,
				90CE4A401E94928400830F9E /* Assets.xcassets */,
				90CE4A421E94928400830F9E /* LaunchScreen.storyboard */,
				90CE4A451E94928400830F9E /* Info.plist */,
				90CE4A3D1E94928400830F9E /* QuickReport.xcdatamodeld */,
				9002C1B51E94A56100DC480A /* QuickReport-Bridging-Header.h */,
			);
			path = QuickReport;
			sourceTree = "<group>";
		};
		90CE4A4D1E94928400830F9E /* QuickReportTests */ = {
			isa = PBXGroup;
			children = (
				90CE4A4E1E94928400830F9E /* QuickReportTests.swift */,
				90CE4A501E94928400830F9E /* Info.plist */,
			);
			path = QuickReportTests;
			sourceTree = "<group>";
		};
		90CE4A581E94928400830F9E /* QuickReportUITests */ = {
			isa = PBXGroup;
			children = (
				90CE4A591E94928400830F9E /* QuickReportUITests.swift */,
				90CE4A5B1E94928400830F9E /* Info.plist */,
			);
			path = QuickReportUITests;
			sourceTree = "<group>";
		};
		A438C4E3A21ABD2E5FC7D262 /* Pods */ = {
			isa = PBXGroup;
			children = (
				A89286EA2D5FEC94C94C38A1 /* Pods-QuickReport.debug.xcconfig */,
				43315639399F67646726B089 /* Pods-QuickReport.release.xcconfig */,
				278164739E15F46A8A23D73E /* Pods-QuickReportTests.debug.xcconfig */,
				493E8E21E871F39F9AC956AE /* Pods-QuickReportTests.release.xcconfig */,
				97CB373EE35C3092D86ACCEE /* Pods-QuickReportUITests.debug.xcconfig */,
				75006638627DCBBB9189B2B3 /* Pods-QuickReportUITests.release.xcconfig */,
			);
			name = Pods;
			sourceTree = "<group>";
		};
		CEEEAE50084F96F65DDBBC9A /* Frameworks */ = {
			isa = PBXGroup;
			children = (
				BD7E227E8F76C675BAA5F6CC /* Pods_QuickReport.framework */,
				5A08417725C834ACEA94DBEA /* Pods_QuickReportTests.framework */,
				7D4D21CD2141DC698296DEA1 /* Pods_QuickReportUITests.framework */,
			);
			name = Frameworks;
			sourceTree = "<group>";
		};
/* End PBXGroup section */

/* Begin PBXNativeTarget section */
		90CE4A321E94928400830F9E /* QuickReport */ = {
			isa = PBXNativeTarget;
			buildConfigurationList = 90CE4A5E1E94928400830F9E /* Build configuration list for PBXNativeTarget "QuickReport" */;
			buildPhases = (
				B9696D0E0582638C292A3B90 /* [CP] Check Pods Manifest.lock */,
				90CE4A2F1E94928400830F9E /* Sources */,
				90CE4A301E94928400830F9E /* Frameworks */,
				90CE4A311E94928400830F9E /* Resources */,
				1B9C4A9C1D993E8BE5A882FE /* [CP] Embed Pods Frameworks */,
				113C87445C01E4927A1D29BB /* [CP] Copy Pods Resources */,
			);
			buildRules = (
			);
			dependencies = (
			);
			name = QuickReport;
			productName = QuickReport;
			productReference = 90CE4A331E94928400830F9E /* QuickReport.app */;
			productType = "com.apple.product-type.application";
		};
		90CE4A491E94928400830F9E /* QuickReportTests */ = {
			isa = PBXNativeTarget;
			buildConfigurationList = 90CE4A611E94928400830F9E /* Build configuration list for PBXNativeTarget "QuickReportTests" */;
			buildPhases = (
				5E7CA763FB07C61BF52F2DDF /* [CP] Check Pods Manifest.lock */,
				90CE4A461E94928400830F9E /* Sources */,
				90CE4A471E94928400830F9E /* Frameworks */,
				90CE4A481E94928400830F9E /* Resources */,
				5660AD1C4D0AEB46BD0A3C17 /* [CP] Embed Pods Frameworks */,
				7E6F3BFCCFB5F354489575EC /* [CP] Copy Pods Resources */,
			);
			buildRules = (
			);
			dependencies = (
				90CE4A4C1E94928400830F9E /* PBXTargetDependency */,
			);
			name = QuickReportTests;
			productName = QuickReportTests;
			productReference = 90CE4A4A1E94928400830F9E /* QuickReportTests.xctest */;
			productType = "com.apple.product-type.bundle.unit-test";
		};
		90CE4A541E94928400830F9E /* QuickReportUITests */ = {
			isa = PBXNativeTarget;
			buildConfigurationList = 90CE4A641E94928400830F9E /* Build configuration list for PBXNativeTarget "QuickReportUITests" */;
			buildPhases = (
				8D0E6023E184CCD77D583303 /* [CP] Check Pods Manifest.lock */,
				90CE4A511E94928400830F9E /* Sources */,
				90CE4A521E94928400830F9E /* Frameworks */,
				90CE4A531E94928400830F9E /* Resources */,
				2FEA60072A0E50F3B379A9A4 /* [CP] Embed Pods Frameworks */,
				F2F52360FECFEB55FE3FA23C /* [CP] Copy Pods Resources */,
			);
			buildRules = (
			);
			dependencies = (
				90CE4A571E94928400830F9E /* PBXTargetDependency */,
			);
			name = QuickReportUITests;
			productName = QuickReportUITests;
			productReference = 90CE4A551E94928400830F9E /* QuickReportUITests.xctest */;
			productType = "com.apple.product-type.bundle.ui-testing";
		};
/* End PBXNativeTarget section */

/* Begin PBXProject section */
		90CE4A2B1E94928400830F9E /* Project object */ = {
			isa = PBXProject;
			attributes = {
				LastSwiftUpdateCheck = 0830;
				LastUpgradeCheck = 0830;
				ORGANIZATIONNAME = "border___";
				TargetAttributes = {
					90CE4A321E94928400830F9E = {
						CreatedOnToolsVersion = 8.3;
						DevelopmentTeam = 8APTUES444;
						ProvisioningStyle = Automatic;
					};
					90CE4A491E94928400830F9E = {
						CreatedOnToolsVersion = 8.3;
						DevelopmentTeam = 8APTUES444;
						ProvisioningStyle = Automatic;
						TestTargetID = 90CE4A321E94928400830F9E;
					};
					90CE4A541E94928400830F9E = {
						CreatedOnToolsVersion = 8.3;
						DevelopmentTeam = 8APTUES444;
						ProvisioningStyle = Automatic;
						TestTargetID = 90CE4A321E94928400830F9E;
					};
				};
			};
			buildConfigurationList = 90CE4A2E1E94928400830F9E /* Build configuration list for PBXProject "QuickReport" */;
			compatibilityVersion = "Xcode 3.2";
			developmentRegion = English;
			hasScannedForEncodings = 0;
			knownRegions = (
				en,
				Base,
			);
			mainGroup = 90CE4A2A1E94928400830F9E;
			productRefGroup = 90CE4A341E94928400830F9E /* Products */;
			projectDirPath = "";
			projectRoot = "";
			targets = (
				90CE4A321E94928400830F9E /* QuickReport */,
				90CE4A491E94928400830F9E /* QuickReportTests */,
				90CE4A541E94928400830F9E /* QuickReportUITests */,
			);
		};
/* End PBXProject section */

/* Begin PBXResourcesBuildPhase section */
		90CE4A311E94928400830F9E /* Resources */ = {
			isa = PBXResourcesBuildPhase;
			buildActionMask = 2147483647;
			files = (
				90CE4A441E94928400830F9E /* LaunchScreen.storyboard in Resources */,
				90CE4A411E94928400830F9E /* Assets.xcassets in Resources */,
				90CE4A3C1E94928400830F9E /* Main.storyboard in Resources */,
			);
			runOnlyForDeploymentPostprocessing = 0;
		};
		90CE4A481E94928400830F9E /* Resources */ = {
			isa = PBXResourcesBuildPhase;
			buildActionMask = 2147483647;
			files = (
			);
			runOnlyForDeploymentPostprocessing = 0;
		};
		90CE4A531E94928400830F9E /* Resources */ = {
			isa = PBXResourcesBuildPhase;
			buildActionMask = 2147483647;
			files = (
			);
			runOnlyForDeploymentPostprocessing = 0;
		};
/* End PBXResourcesBuildPhase section */

/* Begin PBXShellScriptBuildPhase section */
		113C87445C01E4927A1D29BB /* [CP] Copy Pods Resources */ = {
			isa = PBXShellScriptBuildPhase;
			buildActionMask = 2147483647;
			files = (
			);
			inputPaths = (
			);
			name = "[CP] Copy Pods Resources";
			outputPaths = (
			);
			runOnlyForDeploymentPostprocessing = 0;
			shellPath = /bin/sh;
			shellScript = "\"${SRCROOT}/Pods/Target Support Files/Pods-QuickReport/Pods-QuickReport-resources.sh\"\n";
			showEnvVarsInLog = 0;
		};
		1B9C4A9C1D993E8BE5A882FE /* [CP] Embed Pods Frameworks */ = {
			isa = PBXShellScriptBuildPhase;
			buildActionMask = 2147483647;
			files = (
			);
			inputPaths = (
			);
			name = "[CP] Embed Pods Frameworks";
			outputPaths = (
			);
			runOnlyForDeploymentPostprocessing = 0;
			shellPath = /bin/sh;
			shellScript = "\"${SRCROOT}/Pods/Target Support Files/Pods-QuickReport/Pods-QuickReport-frameworks.sh\"\n";
			showEnvVarsInLog = 0;
		};
		2FEA60072A0E50F3B379A9A4 /* [CP] Embed Pods Frameworks */ = {
			isa = PBXShellScriptBuildPhase;
			buildActionMask = 2147483647;
			files = (
			);
			inputPaths = (
			);
			name = "[CP] Embed Pods Frameworks";
			outputPaths = (
			);
			runOnlyForDeploymentPostprocessing = 0;
			shellPath = /bin/sh;
			shellScript = "\"${SRCROOT}/Pods/Target Support Files/Pods-QuickReportUITests/Pods-QuickReportUITests-frameworks.sh\"\n";
			showEnvVarsInLog = 0;
		};
		5660AD1C4D0AEB46BD0A3C17 /* [CP] Embed Pods Frameworks */ = {
			isa = PBXShellScriptBuildPhase;
			buildActionMask = 2147483647;
			files = (
			);
			inputPaths = (
			);
			name = "[CP] Embed Pods Frameworks";
			outputPaths = (
			);
			runOnlyForDeploymentPostprocessing = 0;
			shellPath = /bin/sh;
			shellScript = "\"${SRCROOT}/Pods/Target Support Files/Pods-QuickReportTests/Pods-QuickReportTests-frameworks.sh\"\n";
			showEnvVarsInLog = 0;
		};
		5E7CA763FB07C61BF52F2DDF /* [CP] Check Pods Manifest.lock */ = {
			isa = PBXShellScriptBuildPhase;
			buildActionMask = 2147483647;
			files = (
			);
			inputPaths = (
			);
			name = "[CP] Check Pods Manifest.lock";
			outputPaths = (
			);
			runOnlyForDeploymentPostprocessing = 0;
			shellPath = /bin/sh;
			shellScript = "diff \"${PODS_ROOT}/../Podfile.lock\" \"${PODS_ROOT}/Manifest.lock\" > /dev/null\nif [ $? != 0 ] ; then\n    # print error to STDERR\n    echo \"error: The sandbox is not in sync with the Podfile.lock. Run 'pod install' or update your CocoaPods installation.\" >&2\n    exit 1\nfi\n";
			showEnvVarsInLog = 0;
		};
		7E6F3BFCCFB5F354489575EC /* [CP] Copy Pods Resources */ = {
			isa = PBXShellScriptBuildPhase;
			buildActionMask = 2147483647;
			files = (
			);
			inputPaths = (
			);
			name = "[CP] Copy Pods Resources";
			outputPaths = (
			);
			runOnlyForDeploymentPostprocessing = 0;
			shellPath = /bin/sh;
			shellScript = "\"${SRCROOT}/Pods/Target Support Files/Pods-QuickReportTests/Pods-QuickReportTests-resources.sh\"\n";
			showEnvVarsInLog = 0;
		};
		8D0E6023E184CCD77D583303 /* [CP] Check Pods Manifest.lock */ = {
			isa = PBXShellScriptBuildPhase;
			buildActionMask = 2147483647;
			files = (
			);
			inputPaths = (
			);
			name = "[CP] Check Pods Manifest.lock";
			outputPaths = (
			);
			runOnlyForDeploymentPostprocessing = 0;
			shellPath = /bin/sh;
			shellScript = "diff \"${PODS_ROOT}/../Podfile.lock\" \"${PODS_ROOT}/Manifest.lock\" > /dev/null\nif [ $? != 0 ] ; then\n    # print error to STDERR\n    echo \"error: The sandbox is not in sync with the Podfile.lock. Run 'pod install' or update your CocoaPods installation.\" >&2\n    exit 1\nfi\n";
			showEnvVarsInLog = 0;
		};
		B9696D0E0582638C292A3B90 /* [CP] Check Pods Manifest.lock */ = {
			isa = PBXShellScriptBuildPhase;
			buildActionMask = 2147483647;
			files = (
			);
			inputPaths = (
			);
			name = "[CP] Check Pods Manifest.lock";
			outputPaths = (
			);
			runOnlyForDeploymentPostprocessing = 0;
			shellPath = /bin/sh;
			shellScript = "diff \"${PODS_ROOT}/../Podfile.lock\" \"${PODS_ROOT}/Manifest.lock\" > /dev/null\nif [ $? != 0 ] ; then\n    # print error to STDERR\n    echo \"error: The sandbox is not in sync with the Podfile.lock. Run 'pod install' or update your CocoaPods installation.\" >&2\n    exit 1\nfi\n";
			showEnvVarsInLog = 0;
		};
		F2F52360FECFEB55FE3FA23C /* [CP] Copy Pods Resources */ = {
			isa = PBXShellScriptBuildPhase;
			buildActionMask = 2147483647;
			files = (
			);
			inputPaths = (
			);
			name = "[CP] Copy Pods Resources";
			outputPaths = (
			);
			runOnlyForDeploymentPostprocessing = 0;
			shellPath = /bin/sh;
			shellScript = "\"${SRCROOT}/Pods/Target Support Files/Pods-QuickReportUITests/Pods-QuickReportUITests-resources.sh\"\n";
			showEnvVarsInLog = 0;
		};
/* End PBXShellScriptBuildPhase section */

/* Begin PBXSourcesBuildPhase section */
		90CE4A2F1E94928400830F9E /* Sources */ = {
			isa = PBXSourcesBuildPhase;
			buildActionMask = 2147483647;
			files = (
				9002C1C11E94A86300DC480A /* SendReportView.swift in Sources */,
				9002C1BF1E94A85500DC480A /* SendReportController.swift in Sources */,
				9002C1B41E94A4F600DC480A /* SendMail.swift in Sources */,
				9002C1C31E94A93300DC480A /* SendReportConfirmController.swift in Sources */,
				9002C1BB1E94A7E700DC480A /* HomeView.swift in Sources */,
				9002C1C71E94A96A00DC480A /* SendReportConfirmView.swift in Sources */,
				90C4FF211E98DE9900ECBCD9 /* FloatLabelTextField.swift in Sources */,
				9002C1B81E94A76700DC480A /* HomeController.swift in Sources */,
				90CE4A3F1E94928400830F9E /* QuickReport.xcdatamodeld in Sources */,
				90C4FF181E986DAC00ECBCD9 /* SettingController.swift in Sources */,
				90C4FF1E1E98DDAC00ECBCD9 /* SettingView.swift in Sources */,
				90CE4A391E94928400830F9E /* ViewController.swift in Sources */,
				90CE4A371E94928400830F9E /* AppDelegate.swift in Sources */,
			);
			runOnlyForDeploymentPostprocessing = 0;
		};
		90CE4A461E94928400830F9E /* Sources */ = {
			isa = PBXSourcesBuildPhase;
			buildActionMask = 2147483647;
			files = (
				90CE4A4F1E94928400830F9E /* QuickReportTests.swift in Sources */,
			);
			runOnlyForDeploymentPostprocessing = 0;
		};
		90CE4A511E94928400830F9E /* Sources */ = {
			isa = PBXSourcesBuildPhase;
			buildActionMask = 2147483647;
			files = (
				90CE4A5A1E94928400830F9E /* QuickReportUITests.swift in Sources */,
			);
			runOnlyForDeploymentPostprocessing = 0;
		};
/* End PBXSourcesBuildPhase section */

/* Begin PBXTargetDependency section */
		90CE4A4C1E94928400830F9E /* PBXTargetDependency */ = {
			isa = PBXTargetDependency;
			target = 90CE4A321E94928400830F9E /* QuickReport */;
			targetProxy = 90CE4A4B1E94928400830F9E /* PBXContainerItemProxy */;
		};
		90CE4A571E94928400830F9E /* PBXTargetDependency */ = {
			isa = PBXTargetDependency;
			target = 90CE4A321E94928400830F9E /* QuickReport */;
			targetProxy = 90CE4A561E94928400830F9E /* PBXContainerItemProxy */;
		};
/* End PBXTargetDependency section */

/* Begin PBXVariantGroup section */
		90CE4A3A1E94928400830F9E /* Main.storyboard */ = {
			isa = PBXVariantGroup;
			children = (
				90CE4A3B1E94928400830F9E /* Base */,
			);
			name = Main.storyboard;
			sourceTree = "<group>";
		};
		90CE4A421E94928400830F9E /* LaunchScreen.storyboard */ = {
			isa = PBXVariantGroup;
			children = (
				90CE4A431E94928400830F9E /* Base */,
			);
			name = LaunchScreen.storyboard;
			sourceTree = "<group>";
		};
/* End PBXVariantGroup section */

/* Begin XCBuildConfiguration section */
		90CE4A5C1E94928400830F9E /* Debug */ = {
			isa = XCBuildConfiguration;
			buildSettings = {
				ALWAYS_SEARCH_USER_PATHS = NO;
				CLANG_ANALYZER_NONNULL = YES;
				CLANG_ANALYZER_NUMBER_OBJECT_CONVERSION = YES_AGGRESSIVE;
				CLANG_CXX_LANGUAGE_STANDARD = "gnu++0x";
				CLANG_CXX_LIBRARY = "libc++";
				CLANG_ENABLE_MODULES = YES;
				CLANG_ENABLE_OBJC_ARC = YES;
				CLANG_WARN_BOOL_CONVERSION = YES;
				CLANG_WARN_CONSTANT_CONVERSION = YES;
				CLANG_WARN_DIRECT_OBJC_ISA_USAGE = YES_ERROR;
				CLANG_WARN_DOCUMENTATION_COMMENTS = YES;
				CLANG_WARN_EMPTY_BODY = YES;
				CLANG_WARN_ENUM_CONVERSION = YES;
				CLANG_WARN_INFINITE_RECURSION = YES;
				CLANG_WARN_INT_CONVERSION = YES;
				CLANG_WARN_OBJC_ROOT_CLASS = YES_ERROR;
				CLANG_WARN_SUSPICIOUS_MOVE = YES;
				CLANG_WARN_UNREACHABLE_CODE = YES;
				CLANG_WARN__DUPLICATE_METHOD_MATCH = YES;
				"CODE_SIGN_IDENTITY[sdk=iphoneos*]" = "iPhone Developer";
				COPY_PHASE_STRIP = NO;
				DEBUG_INFORMATION_FORMAT = dwarf;
				ENABLE_STRICT_OBJC_MSGSEND = YES;
				ENABLE_TESTABILITY = YES;
				GCC_C_LANGUAGE_STANDARD = gnu99;
				GCC_DYNAMIC_NO_PIC = NO;
				GCC_NO_COMMON_BLOCKS = YES;
				GCC_OPTIMIZATION_LEVEL = 0;
				GCC_PREPROCESSOR_DEFINITIONS = (
					"DEBUG=1",
					"$(inherited)",
				);
				GCC_WARN_64_TO_32_BIT_CONVERSION = YES;
				GCC_WARN_ABOUT_RETURN_TYPE = YES_ERROR;
				GCC_WARN_UNDECLARED_SELECTOR = YES;
				GCC_WARN_UNINITIALIZED_AUTOS = YES_AGGRESSIVE;
				GCC_WARN_UNUSED_FUNCTION = YES;
				GCC_WARN_UNUSED_VARIABLE = YES;
				IPHONEOS_DEPLOYMENT_TARGET = 10.2;
				MTL_ENABLE_DEBUG_INFO = YES;
				ONLY_ACTIVE_ARCH = YES;
				SDKROOT = iphoneos;
				SWIFT_ACTIVE_COMPILATION_CONDITIONS = DEBUG;
				SWIFT_OPTIMIZATION_LEVEL = "-Onone";
				TARGETED_DEVICE_FAMILY = "1,2";
			};
			name = Debug;
		};
		90CE4A5D1E94928400830F9E /* Release */ = {
			isa = XCBuildConfiguration;
			buildSettings = {
				ALWAYS_SEARCH_USER_PATHS = NO;
				CLANG_ANALYZER_NONNULL = YES;
				CLANG_ANALYZER_NUMBER_OBJECT_CONVERSION = YES_AGGRESSIVE;
				CLANG_CXX_LANGUAGE_STANDARD = "gnu++0x";
				CLANG_CXX_LIBRARY = "libc++";
				CLANG_ENABLE_MODULES = YES;
				CLANG_ENABLE_OBJC_ARC = YES;
				CLANG_WARN_BOOL_CONVERSION = YES;
				CLANG_WARN_CONSTANT_CONVERSION = YES;
				CLANG_WARN_DIRECT_OBJC_ISA_USAGE = YES_ERROR;
				CLANG_WARN_DOCUMENTATION_COMMENTS = YES;
				CLANG_WARN_EMPTY_BODY = YES;
				CLANG_WARN_ENUM_CONVERSION = YES;
				CLANG_WARN_INFINITE_RECURSION = YES;
				CLANG_WARN_INT_CONVERSION = YES;
				CLANG_WARN_OBJC_ROOT_CLASS = YES_ERROR;
				CLANG_WARN_SUSPICIOUS_MOVE = YES;
				CLANG_WARN_UNREACHABLE_CODE = YES;
				CLANG_WARN__DUPLICATE_METHOD_MATCH = YES;
				"CODE_SIGN_IDENTITY[sdk=iphoneos*]" = "iPhone Developer";
				COPY_PHASE_STRIP = NO;
				DEBUG_INFORMATION_FORMAT = "dwarf-with-dsym";
				ENABLE_NS_ASSERTIONS = NO;
				ENABLE_STRICT_OBJC_MSGSEND = YES;
				GCC_C_LANGUAGE_STANDARD = gnu99;
				GCC_NO_COMMON_BLOCKS = YES;
				GCC_WARN_64_TO_32_BIT_CONVERSION = YES;
				GCC_WARN_ABOUT_RETURN_TYPE = YES_ERROR;
				GCC_WARN_UNDECLARED_SELECTOR = YES;
				GCC_WARN_UNINITIALIZED_AUTOS = YES_AGGRESSIVE;
				GCC_WARN_UNUSED_FUNCTION = YES;
				GCC_WARN_UNUSED_VARIABLE = YES;
				IPHONEOS_DEPLOYMENT_TARGET = 10.2;
				MTL_ENABLE_DEBUG_INFO = NO;
				SDKROOT = iphoneos;
				SWIFT_OPTIMIZATION_LEVEL = "-Owholemodule";
				TARGETED_DEVICE_FAMILY = "1,2";
				VALIDATE_PRODUCT = YES;
			};
			name = Release;
		};
		90CE4A5F1E94928400830F9E /* Debug */ = {
			isa = XCBuildConfiguration;
			baseConfigurationReference = A89286EA2D5FEC94C94C38A1 /* Pods-QuickReport.debug.xcconfig */;
			buildSettings = {
				ASSETCATALOG_COMPILER_APPICON_NAME = AppIcon;
				DEVELOPMENT_TEAM = 8APTUES444;
				INFOPLIST_FILE = QuickReport/Info.plist;
				LD_RUNPATH_SEARCH_PATHS = "$(inherited) @executable_path/Frameworks";
				PRODUCT_BUNDLE_IDENTIFIER = "com.border---.QuickReport";
				PRODUCT_NAME = "$(TARGET_NAME)";
				SWIFT_OBJC_BRIDGING_HEADER = "QuickReport/QuickReport-Bridging-Header.h";
				SWIFT_VERSION = 3.0;
			};
			name = Debug;
		};
		90CE4A601E94928400830F9E /* Release */ = {
			isa = XCBuildConfiguration;
			baseConfigurationReference = 43315639399F67646726B089 /* Pods-QuickReport.release.xcconfig */;
			buildSettings = {
				ASSETCATALOG_COMPILER_APPICON_NAME = AppIcon;
				DEVELOPMENT_TEAM = 8APTUES444;
				INFOPLIST_FILE = QuickReport/Info.plist;
				LD_RUNPATH_SEARCH_PATHS = "$(inherited) @executable_path/Frameworks";
				PRODUCT_BUNDLE_IDENTIFIER = "com.border---.QuickReport";
				PRODUCT_NAME = "$(TARGET_NAME)";
				SWIFT_OBJC_BRIDGING_HEADER = "QuickReport/QuickReport-Bridging-Header.h";
				SWIFT_VERSION = 3.0;
			};
			name = Release;
		};
		90CE4A621E94928400830F9E /* Debug */ = {
			isa = XCBuildConfiguration;
			baseConfigurationReference = 278164739E15F46A8A23D73E /* Pods-QuickReportTests.debug.xcconfig */;
			buildSettings = {
				ALWAYS_EMBED_SWIFT_STANDARD_LIBRARIES = YES;
				BUNDLE_LOADER = "$(TEST_HOST)";
				DEVELOPMENT_TEAM = 8APTUES444;
				INFOPLIST_FILE = QuickReportTests/Info.plist;
				LD_RUNPATH_SEARCH_PATHS = "$(inherited) @executable_path/Frameworks @loader_path/Frameworks";
				PRODUCT_BUNDLE_IDENTIFIER = "com.border---.QuickReportTests";
				PRODUCT_NAME = "$(TARGET_NAME)";
				SWIFT_OBJC_BRIDGING_HEADER = "QuickReport/QuickReport-Bridging-Header.h";
				SWIFT_VERSION = 3.0;
				TEST_HOST = "$(BUILT_PRODUCTS_DIR)/QuickReport.app/QuickReport";
			};
			name = Debug;
		};
		90CE4A631E94928400830F9E /* Release */ = {
			isa = XCBuildConfiguration;
			baseConfigurationReference = 493E8E21E871F39F9AC956AE /* Pods-QuickReportTests.release.xcconfig */;
			buildSettings = {
				ALWAYS_EMBED_SWIFT_STANDARD_LIBRARIES = YES;
				BUNDLE_LOADER = "$(TEST_HOST)";
				DEVELOPMENT_TEAM = 8APTUES444;
				INFOPLIST_FILE = QuickReportTests/Info.plist;
				LD_RUNPATH_SEARCH_PATHS = "$(inherited) @executable_path/Frameworks @loader_path/Frameworks";
				PRODUCT_BUNDLE_IDENTIFIER = "com.border---.QuickReportTests";
				PRODUCT_NAME = "$(TARGET_NAME)";
				SWIFT_OBJC_BRIDGING_HEADER = "QuickReport/QuickReport-Bridging-Header.h";
				SWIFT_VERSION = 3.0;
				TEST_HOST = "$(BUILT_PRODUCTS_DIR)/QuickReport.app/QuickReport";
			};
			name = Release;
		};
		90CE4A651E94928400830F9E /* Debug */ = {
			isa = XCBuildConfiguration;
			baseConfigurationReference = 97CB373EE35C3092D86ACCEE /* Pods-QuickReportUITests.debug.xcconfig */;
			buildSettings = {
				ALWAYS_EMBED_SWIFT_STANDARD_LIBRARIES = YES;
				DEVELOPMENT_TEAM = 8APTUES444;
				INFOPLIST_FILE = QuickReportUITests/Info.plist;
				LD_RUNPATH_SEARCH_PATHS = "$(inherited) @executable_path/Frameworks @loader_path/Frameworks";
				PRODUCT_BUNDLE_IDENTIFIER = "com.border---.QuickReportUITests";
				PRODUCT_NAME = "$(TARGET_NAME)";
				SWIFT_OBJC_BRIDGING_HEADER = "QuickReport/QuickReport-Bridging-Header.h";
				SWIFT_VERSION = 3.0;
				TEST_TARGET_NAME = QuickReport;
			};
			name = Debug;
		};
		90CE4A661E94928400830F9E /* Release */ = {
			isa = XCBuildConfiguration;
			baseConfigurationReference = 75006638627DCBBB9189B2B3 /* Pods-QuickReportUITests.release.xcconfig */;
			buildSettings = {
				ALWAYS_EMBED_SWIFT_STANDARD_LIBRARIES = YES;
				DEVELOPMENT_TEAM = 8APTUES444;
				INFOPLIST_FILE = QuickReportUITests/Info.plist;
				LD_RUNPATH_SEARCH_PATHS = "$(inherited) @executable_path/Frameworks @loader_path/Frameworks";
				PRODUCT_BUNDLE_IDENTIFIER = "com.border---.QuickReportUITests";
				PRODUCT_NAME = "$(TARGET_NAME)";
				SWIFT_OBJC_BRIDGING_HEADER = "QuickReport/QuickReport-Bridging-Header.h";
				SWIFT_VERSION = 3.0;
				TEST_TARGET_NAME = QuickReport;
			};
			name = Release;
		};
/* End XCBuildConfiguration section */

/* Begin XCConfigurationList section */
		90CE4A2E1E94928400830F9E /* Build configuration list for PBXProject "QuickReport" */ = {
			isa = XCConfigurationList;
			buildConfigurations = (
				90CE4A5C1E94928400830F9E /* Debug */,
				90CE4A5D1E94928400830F9E /* Release */,
			);
			defaultConfigurationIsVisible = 0;
			defaultConfigurationName = Release;
		};
		90CE4A5E1E94928400830F9E /* Build configuration list for PBXNativeTarget "QuickReport" */ = {
			isa = XCConfigurationList;
			buildConfigurations = (
				90CE4A5F1E94928400830F9E /* Debug */,
				90CE4A601E94928400830F9E /* Release */,
			);
			defaultConfigurationIsVisible = 0;
			defaultConfigurationName = Release;
		};
		90CE4A611E94928400830F9E /* Build configuration list for PBXNativeTarget "QuickReportTests" */ = {
			isa = XCConfigurationList;
			buildConfigurations = (
				90CE4A621E94928400830F9E /* Debug */,
				90CE4A631E94928400830F9E /* Release */,
			);
			defaultConfigurationIsVisible = 0;
			defaultConfigurationName = Release;
		};
		90CE4A641E94928400830F9E /* Build configuration list for PBXNativeTarget "QuickReportUITests" */ = {
			isa = XCConfigurationList;
			buildConfigurations = (
				90CE4A651E94928400830F9E /* Debug */,
				90CE4A661E94928400830F9E /* Release */,
			);
			defaultConfigurationIsVisible = 0;
			defaultConfigurationName = Release;
		};
/* End XCConfigurationList section */

/* Begin XCVersionGroup section */
		90CE4A3D1E94928400830F9E /* QuickReport.xcdatamodeld */ = {
			isa = XCVersionGroup;
			children = (
				90CE4A3E1E94928400830F9E /* QuickReport.xcdatamodel */,
			);
			currentVersion = 90CE4A3E1E94928400830F9E /* QuickReport.xcdatamodel */;
			path = QuickReport.xcdatamodeld;
			sourceTree = "<group>";
			versionGroupType = wrapper.xcdatamodel;
		};
/* End XCVersionGroup section */
	};
	rootObject = 90CE4A2B1E94928400830F9E /* Project object */;
}
